
Microsoft Visual Studio Solution File, Format Version 12.00
# Visual Studio Version 16
VisualStudioVersion = 16.0.30804.86
MinimumVisualStudioVersion = 10.0.40219.1
Project("{FAE04EC0-301F-11D3-BF4B-00C04F79EFBC}") = "Droid", "RadioApp\Droid\Droid.csproj", "{52381C0D-EAAA-42D6-BAE9-66657B9E0A21}"
EndProject
Project("{9A19103F-16F7-4668-BE54-9A1E7A4F7556}") = "Data", "RadioApp\Data\Data.csproj", "{5A30BD4E-23F7-4D40-AA8D-F876809CFDE2}"
EndProject
Project("{9A19103F-16F7-4668-BE54-9A1E7A4F7556}") = "Core", "RadioApp\Core\Core.csproj", "{E0D34817-BA5B-4D49-B728-3DB776FA79C5}"
EndProject
Project("{9A19103F-16F7-4668-BE54-9A1E7A4F7556}") = "Common", "RadioApp\Common\Common.csproj", "{6594F085-7C38-4922-9FF7-99B6A0962136}"
EndProject
Global
	GlobalSection(SolutionConfigurationPlatforms) = preSolution
		Debug|Any CPU = Debug|Any CPU
		Release|Any CPU = Release|Any CPU
	EndGlobalSection
	GlobalSection(ProjectConfigurationPlatforms) = postSolution
		{52381C0D-EAAA-42D6-BAE9-66657B9E0A21}.Debug|Any CPU.ActiveCfg = Debug|Any CPU
		{52381C0D-EAAA-42D6-BAE9-66657B9E0A21}.Debug|Any CPU.Build.0 = Debug|Any CPU
		{52381C0D-EAAA-42D6-BAE9-66657B9E0A21}.Debug|Any CPU.Deploy.0 = Debug|Any CPU
		{52381C0D-EAAA-42D6-BAE9-66657B9E0A21}.Release|Any CPU.ActiveCfg = Release|Any CPU
		{52381C0D-EAAA-42D6-BAE9-66657B9E0A21}.Release|Any CPU.Build.0 = Release|Any CPU
		{52381C0D-EAAA-42D6-BAE9-66657B9E0A21}.Release|Any CPU.Deploy.0 = Release|Any CPU
		{5A30BD4E-23F7-4D40-AA8D-F876809CFDE2}.Debug|Any CPU.ActiveCfg = Debug|Any CPU
		{5A30BD4E-23F7-4D40-AA8D-F876809CFDE2}.Debug|Any CPU.Build.0 = Debug|Any CPU
		{5A30BD4E-23F7-4D40-AA8D-F876809CFDE2}.Release|Any CPU.ActiveCfg = Release|Any CPU
		{5A30BD4E-23F7-4D40-AA8D-F876809CFDE2}.Release|Any CPU.Build.0 = Release|Any CPU
		{E0D34817-BA5B-4D49-B728-3DB776FA79C5}.Debug|Any CPU.ActiveCfg = Debug|Any CPU
		{E0D34817-BA5B-4D49-B728-3DB776FA79C5}.Debug|Any CPU.Build.0 = Debug|Any CPU
		{E0D34817-BA5B-4D49-B728-3DB776FA79C5}.Release|Any CPU.ActiveCfg = Release|Any CPU
		{E0D34817-BA5B-4D49-B728-3DB776FA79C5}.Release|Any CPU.Build.0 = Release|Any CPU
		{6594F085-7C38-4922-9FF7-99B6A0962136}.Debug|Any CPU.ActiveCfg = Debug|Any CPU
		{6594F085-7C38-4922-9FF7-99B6A0962136}.Debug|Any CPU.Build.0 = Debug|Any CPU
		{6594F085-7C38-4922-9FF7-99B6A0962136}.Release|Any CPU.ActiveCfg = Release|Any CPU
		{6594F085-7C38-4922-9FF7-99B6A0962136}.Release|Any CPU.Build.0 = Release|Any CPU
	EndGlobalSection
	GlobalSection(SolutionProperties) = preSolution
		HideSolutionNode = FALSE
	EndGlobalSection
	GlobalSection(ExtensibilityGlobals) = postSolution
		SolutionGuid = {93A9488F-645C-4927-9481-1EEAE14699C1}
	EndGlobalSection
	GlobalSection(TeamFoundationVersionControl) = preSolution
		SccNumberOfProjects = 5
		SccEnterpriseProvider = {4CA58AB2-18FA-4F8D-95D4-32DDF27D184C}
		SccTeamFoundationServer = https://romanwackernagel.visualstudio.com/
		SccLocalPath0 = .
		SccProjectUniqueName1 = RadioApp\\Common\\Common.csproj
		SccProjectName1 = RadioApp/Common
		SccLocalPath1 = RadioApp\\Common
		SccProjectUniqueName2 = RadioApp\\Core\\Core.csproj
		SccProjectName2 = RadioApp/Core
		SccLocalPath2 = RadioApp\\Core
		SccProjectUniqueName3 = RadioApp\\Data\\Data.csproj
		SccProjectName3 = RadioApp/Data
		SccLocalPath3 = RadioApp\\Data
		SccProjectUniqueName4 = RadioApp\\Droid\\Droid.csproj
		SccProjectName4 = RadioApp/Droid
		SccLocalPath4 = RadioApp\\Droid
	EndGlobalSection
EndGlobal
